// !$*UTF8*$!
{
	archiveVersion = 1;
	classes = {
	};
	objectVersion = 46;
	objects = {

/* Begin PBXBuildFile section */
		825830F11E498C26007AEB36 /* FilterCell.swift in Sources */ = {isa = PBXBuildFile; fileRef = 825830F01E498C26007AEB36 /* FilterCell.swift */; };
		8281EF291E485C1B00D3F4B4 /* AppDelegate.swift in Sources */ = {isa = PBXBuildFile; fileRef = 8281EF281E485C1B00D3F4B4 /* AppDelegate.swift */; };
		8281EF2B1E485C1B00D3F4B4 /* ViewController.swift in Sources */ = {isa = PBXBuildFile; fileRef = 8281EF2A1E485C1B00D3F4B4 /* ViewController.swift */; };
		8281EF2E1E485C1B00D3F4B4 /* Main.storyboard in Resources */ = {isa = PBXBuildFile; fileRef = 8281EF2C1E485C1B00D3F4B4 /* Main.storyboard */; };
		8281EF301E485C1B00D3F4B4 /* Assets.xcassets in Resources */ = {isa = PBXBuildFile; fileRef = 8281EF2F1E485C1B00D3F4B4 /* Assets.xcassets */; };
		8281EF331E485C1B00D3F4B4 /* LaunchScreen.storyboard in Resources */ = {isa = PBXBuildFile; fileRef = 8281EF311E485C1B00D3F4B4 /* LaunchScreen.storyboard */; };
		8281EF3E1E485C1B00D3F4B4 /* PerfectClickTests.swift in Sources */ = {isa = PBXBuildFile; fileRef = 8281EF3D1E485C1B00D3F4B4 /* PerfectClickTests.swift */; };
		8281EF491E485C1B00D3F4B4 /* PerfectClickUITests.swift in Sources */ = {isa = PBXBuildFile; fileRef = 8281EF481E485C1B00D3F4B4 /* PerfectClickUITests.swift */; };
		829C707E1E49CC0D0012D976 /* PhotosUI.framework in Frameworks */ = {isa = PBXBuildFile; fileRef = 829C707D1E49CC0D0012D976 /* PhotosUI.framework */; };
		829C70801E49CC0D0012D976 /* Photos.framework in Frameworks */ = {isa = PBXBuildFile; fileRef = 829C707F1E49CC0D0012D976 /* Photos.framework */; };
		829C70831E49CC0D0012D976 /* PhotoEditingViewController.swift in Sources */ = {isa = PBXBuildFile; fileRef = 829C70821E49CC0D0012D976 /* PhotoEditingViewController.swift */; };
		829C70861E49CC0D0012D976 /* MainInterface.storyboard in Resources */ = {isa = PBXBuildFile; fileRef = 829C70841E49CC0D0012D976 /* MainInterface.storyboard */; };
		829C708A1E49CC0D0012D976 /* PhotoEditingExt.appex in Embed App Extensions */ = {isa = PBXBuildFile; fileRef = 829C707B1E49CC0D0012D976 /* PhotoEditingExt.appex */; settings = {ATTRIBUTES = (RemoveHeadersOnCopy, ); }; };
		829C70901E49D0AE0012D976 /* cover.jpg in Resources */ = {isa = PBXBuildFile; fileRef = 829C708F1E49D0AE0012D976 /* cover.jpg */; };
		829C70921E49D3160012D976 /* FilterCell.swift in Sources */ = {isa = PBXBuildFile; fileRef = 829C70911E49D3160012D976 /* FilterCell.swift */; };
/* End PBXBuildFile section */

/* Begin PBXContainerItemProxy section */
		8281EF3A1E485C1B00D3F4B4 /* PBXContainerItemProxy */ = {
			isa = PBXContainerItemProxy;
			containerPortal = 8281EF1D1E485C1B00D3F4B4 /* Project object */;
			proxyType = 1;
			remoteGlobalIDString = 8281EF241E485C1B00D3F4B4;
			remoteInfo = PerfectClick;
		};
		8281EF451E485C1B00D3F4B4 /* PBXContainerItemProxy */ = {
			isa = PBXContainerItemProxy;
			containerPortal = 8281EF1D1E485C1B00D3F4B4 /* Project object */;
			proxyType = 1;
			remoteGlobalIDString = 8281EF241E485C1B00D3F4B4;
			remoteInfo = PerfectClick;
		};
		829C70881E49CC0D0012D976 /* PBXContainerItemProxy */ = {
			isa = PBXContainerItemProxy;
			containerPortal = 8281EF1D1E485C1B00D3F4B4 /* Project object */;
			proxyType = 1;
			remoteGlobalIDString = 829C707A1E49CC0D0012D976;
			remoteInfo = PhotoEditingExt;
		};
/* End PBXContainerItemProxy section */

/* Begin PBXCopyFilesBuildPhase section */
		829C708E1E49CC0D0012D976 /* Embed App Extensions */ = {
			isa = PBXCopyFilesBuildPhase;
			buildActionMask = 2147483647;
			dstPath = "";
			dstSubfolderSpec = 13;
			files = (
				829C708A1E49CC0D0012D976 /* PhotoEditingExt.appex in Embed App Extensions */,
			);
			name = "Embed App Extensions";
			runOnlyForDeploymentPostprocessing = 0;
		};
/* End PBXCopyFilesBuildPhase section */

/* Begin PBXFileReference section */
		825830F01E498C26007AEB36 /* FilterCell.swift */ = {isa = PBXFileReference; fileEncoding = 4; lastKnownFileType = sourcecode.swift; path = FilterCell.swift; sourceTree = "<group>"; };
		8281EF251E485C1B00D3F4B4 /* PerfectClick.app */ = {isa = PBXFileReference; explicitFileType = wrapper.application; includeInIndex = 0; path = PerfectClick.app; sourceTree = BUILT_PRODUCTS_DIR; };
		8281EF281E485C1B00D3F4B4 /* AppDelegate.swift */ = {isa = PBXFileReference; lastKnownFileType = sourcecode.swift; path = AppDelegate.swift; sourceTree = "<group>"; };
		8281EF2A1E485C1B00D3F4B4 /* ViewController.swift */ = {isa = PBXFileReference; lastKnownFileType = sourcecode.swift; path = ViewController.swift; sourceTree = "<group>"; };
		8281EF2D1E485C1B00D3F4B4 /* Base */ = {isa = PBXFileReference; lastKnownFileType = file.storyboard; name = Base; path = Base.lproj/Main.storyboard; sourceTree = "<group>"; };
		8281EF2F1E485C1B00D3F4B4 /* Assets.xcassets */ = {isa = PBXFileReference; lastKnownFileType = folder.assetcatalog; path = Assets.xcassets; sourceTree = "<group>"; };
		8281EF321E485C1B00D3F4B4 /* Base */ = {isa = PBXFileReference; lastKnownFileType = file.storyboard; name = Base; path = Base.lproj/LaunchScreen.storyboard; sourceTree = "<group>"; };
		8281EF341E485C1B00D3F4B4 /* Info.plist */ = {isa = PBXFileReference; lastKnownFileType = text.plist.xml; path = Info.plist; sourceTree = "<group>"; };
		8281EF391E485C1B00D3F4B4 /* PerfectClickTests.xctest */ = {isa = PBXFileReference; explicitFileType = wrapper.cfbundle; includeInIndex = 0; path = PerfectClickTests.xctest; sourceTree = BUILT_PRODUCTS_DIR; };
		8281EF3D1E485C1B00D3F4B4 /* PerfectClickTests.swift */ = {isa = PBXFileReference; lastKnownFileType = sourcecode.swift; path = PerfectClickTests.swift; sourceTree = "<group>"; };
		8281EF3F1E485C1B00D3F4B4 /* Info.plist */ = {isa = PBXFileReference; lastKnownFileType = text.plist.xml; path = Info.plist; sourceTree = "<group>"; };
		8281EF441E485C1B00D3F4B4 /* PerfectClickUITests.xctest */ = {isa = PBXFileReference; explicitFileType = wrapper.cfbundle; includeInIndex = 0; path = PerfectClickUITests.xctest; sourceTree = BUILT_PRODUCTS_DIR; };
		8281EF481E485C1B00D3F4B4 /* PerfectClickUITests.swift */ = {isa = PBXFileReference; lastKnownFileType = sourcecode.swift; path = PerfectClickUITests.swift; sourceTree = "<group>"; };
		8281EF4A1E485C1B00D3F4B4 /* Info.plist */ = {isa = PBXFileReference; lastKnownFileType = text.plist.xml; path = Info.plist; sourceTree = "<group>"; };
		829C707B1E49CC0D0012D976 /* PhotoEditingExt.appex */ = {isa = PBXFileReference; explicitFileType = "wrapper.app-extension"; includeInIndex = 0; path = PhotoEditingExt.appex; sourceTree = BUILT_PRODUCTS_DIR; };
		829C707D1E49CC0D0012D976 /* PhotosUI.framework */ = {isa = PBXFileReference; lastKnownFileType = wrapper.framework; name = PhotosUI.framework; path = System/Library/Frameworks/PhotosUI.framework; sourceTree = SDKROOT; };
		829C707F1E49CC0D0012D976 /* Photos.framework */ = {isa = PBXFileReference; lastKnownFileType = wrapper.framework; name = Photos.framework; path = System/Library/Frameworks/Photos.framework; sourceTree = SDKROOT; };
		829C70821E49CC0D0012D976 /* PhotoEditingViewController.swift */ = {isa = PBXFileReference; lastKnownFileType = sourcecode.swift; path = PhotoEditingViewController.swift; sourceTree = "<group>"; };
		829C70851E49CC0D0012D976 /* Base */ = {isa = PBXFileReference; lastKnownFileType = file.storyboard; name = Base; path = Base.lproj/MainInterface.storyboard; sourceTree = "<group>"; };
		829C70871E49CC0D0012D976 /* Info.plist */ = {isa = PBXFileReference; lastKnownFileType = text.plist.xml; path = Info.plist; sourceTree = "<group>"; };
		829C708F1E49D0AE0012D976 /* cover.jpg */ = {isa = PBXFileReference; lastKnownFileType = image.jpeg; path = cover.jpg; sourceTree = "<group>"; };
		829C70911E49D3160012D976 /* FilterCell.swift */ = {isa = PBXFileReference; fileEncoding = 4; lastKnownFileType = sourcecode.swift; path = FilterCell.swift; sourceTree = "<group>"; };
/* End PBXFileReference section */

/* Begin PBXFrameworksBuildPhase section */
		8281EF221E485C1B00D3F4B4 /* Frameworks */ = {
			isa = PBXFrameworksBuildPhase;
			buildActionMask = 2147483647;
			files = (
			);
			runOnlyForDeploymentPostprocessing = 0;
		};
		8281EF361E485C1B00D3F4B4 /* Frameworks */ = {
			isa = PBXFrameworksBuildPhase;
			buildActionMask = 2147483647;
			files = (
			);
			runOnlyForDeploymentPostprocessing = 0;
		};
		8281EF411E485C1B00D3F4B4 /* Frameworks */ = {
			isa = PBXFrameworksBuildPhase;
			buildActionMask = 2147483647;
			files = (
			);
			runOnlyForDeploymentPostprocessing = 0;
		};
		829C70781E49CC0D0012D976 /* Frameworks */ = {
			isa = PBXFrameworksBuildPhase;
			buildActionMask = 2147483647;
			files = (
				829C707E1E49CC0D0012D976 /* PhotosUI.framework in Frameworks */,
				829C70801E49CC0D0012D976 /* Photos.framework in Frameworks */,
			);
			runOnlyForDeploymentPostprocessing = 0;
		};
/* End PBXFrameworksBuildPhase section */

/* Begin PBXGroup section */
		8281EF1C1E485C1B00D3F4B4 = {
			isa = PBXGroup;
			children = (
				8281EF271E485C1B00D3F4B4 /* PerfectClick */,
				8281EF3C1E485C1B00D3F4B4 /* PerfectClickTests */,
				8281EF471E485C1B00D3F4B4 /* PerfectClickUITests */,
				829C70811E49CC0D0012D976 /* PhotoEditingExt */,
				829C707C1E49CC0D0012D976 /* Frameworks */,
				8281EF261E485C1B00D3F4B4 /* Products */,
			);
			sourceTree = "<group>";
		};
		8281EF261E485C1B00D3F4B4 /* Products */ = {
			isa = PBXGroup;
			children = (
				8281EF251E485C1B00D3F4B4 /* PerfectClick.app */,
				8281EF391E485C1B00D3F4B4 /* PerfectClickTests.xctest */,
				8281EF441E485C1B00D3F4B4 /* PerfectClickUITests.xctest */,
				829C707B1E49CC0D0012D976 /* PhotoEditingExt.appex */,
			);
			name = Products;
			sourceTree = "<group>";
		};
		8281EF271E485C1B00D3F4B4 /* PerfectClick */ = {
			isa = PBXGroup;
			children = (
				8281EF281E485C1B00D3F4B4 /* AppDelegate.swift */,
				8281EF2A1E485C1B00D3F4B4 /* ViewController.swift */,
				8281EF2C1E485C1B00D3F4B4 /* Main.storyboard */,
				8281EF2F1E485C1B00D3F4B4 /* Assets.xcassets */,
				8281EF311E485C1B00D3F4B4 /* LaunchScreen.storyboard */,
				8281EF341E485C1B00D3F4B4 /* Info.plist */,
				825830F01E498C26007AEB36 /* FilterCell.swift */,
			);
			path = PerfectClick;
			sourceTree = "<group>";
		};
		8281EF3C1E485C1B00D3F4B4 /* PerfectClickTests */ = {
			isa = PBXGroup;
			children = (
				8281EF3D1E485C1B00D3F4B4 /* PerfectClickTests.swift */,
				8281EF3F1E485C1B00D3F4B4 /* Info.plist */,
			);
			path = PerfectClickTests;
			sourceTree = "<group>";
		};
		8281EF471E485C1B00D3F4B4 /* PerfectClickUITests */ = {
			isa = PBXGroup;
			children = (
				8281EF481E485C1B00D3F4B4 /* PerfectClickUITests.swift */,
				8281EF4A1E485C1B00D3F4B4 /* Info.plist */,
			);
			path = PerfectClickUITests;
			sourceTree = "<group>";
		};
		829C707C1E49CC0D0012D976 /* Frameworks */ = {
			isa = PBXGroup;
			children = (
				829C707D1E49CC0D0012D976 /* PhotosUI.framework */,
				829C707F1E49CC0D0012D976 /* Photos.framework */,
			);
			name = Frameworks;
			sourceTree = "<group>";
		};
		829C70811E49CC0D0012D976 /* PhotoEditingExt */ = {
			isa = PBXGroup;
			children = (
				829C70911E49D3160012D976 /* FilterCell.swift */,
				829C708F1E49D0AE0012D976 /* cover.jpg */,
				829C70821E49CC0D0012D976 /* PhotoEditingViewController.swift */,
				829C70841E49CC0D0012D976 /* MainInterface.storyboard */,
				829C70871E49CC0D0012D976 /* Info.plist */,
			);
			path = PhotoEditingExt;
			sourceTree = "<group>";
		};
/* End PBXGroup section */

/* Begin PBXNativeTarget section */
		8281EF241E485C1B00D3F4B4 /* PerfectClick */ = {
			isa = PBXNativeTarget;
			buildConfigurationList = 8281EF4D1E485C1B00D3F4B4 /* Build configuration list for PBXNativeTarget "PerfectClick" */;
			buildPhases = (
				8281EF211E485C1B00D3F4B4 /* Sources */,
				8281EF221E485C1B00D3F4B4 /* Frameworks */,
				8281EF231E485C1B00D3F4B4 /* Resources */,
				829C708E1E49CC0D0012D976 /* Embed App Extensions */,
			);
			buildRules = (
			);
			dependencies = (
				829C70891E49CC0D0012D976 /* PBXTargetDependency */,
			);
			name = PerfectClick;
			productName = PerfectClick;
			productReference = 8281EF251E485C1B00D3F4B4 /* PerfectClick.app */;
			productType = "com.apple.product-type.application";
		};
		8281EF381E485C1B00D3F4B4 /* PerfectClickTests */ = {
			isa = PBXNativeTarget;
			buildConfigurationList = 8281EF501E485C1B00D3F4B4 /* Build configuration list for PBXNativeTarget "PerfectClickTests" */;
			buildPhases = (
				8281EF351E485C1B00D3F4B4 /* Sources */,
				8281EF361E485C1B00D3F4B4 /* Frameworks */,
				8281EF371E485C1B00D3F4B4 /* Resources */,
			);
			buildRules = (
			);
			dependencies = (
				8281EF3B1E485C1B00D3F4B4 /* PBXTargetDependency */,
			);
			name = PerfectClickTests;
			productName = PerfectClickTests;
			productReference = 8281EF391E485C1B00D3F4B4 /* PerfectClickTests.xctest */;
			productType = "com.apple.product-type.bundle.unit-test";
		};
		8281EF431E485C1B00D3F4B4 /* PerfectClickUITests */ = {
			isa = PBXNativeTarget;
			buildConfigurationList = 8281EF531E485C1B00D3F4B4 /* Build configuration list for PBXNativeTarget "PerfectClickUITests" */;
			buildPhases = (
				8281EF401E485C1B00D3F4B4 /* Sources */,
				8281EF411E485C1B00D3F4B4 /* Frameworks */,
				8281EF421E485C1B00D3F4B4 /* Resources */,
			);
			buildRules = (
			);
			dependencies = (
				8281EF461E485C1B00D3F4B4 /* PBXTargetDependency */,
			);
			name = PerfectClickUITests;
			productName = PerfectClickUITests;
			productReference = 8281EF441E485C1B00D3F4B4 /* PerfectClickUITests.xctest */;
			productType = "com.apple.product-type.bundle.ui-testing";
		};
		829C707A1E49CC0D0012D976 /* PhotoEditingExt */ = {
			isa = PBXNativeTarget;
			buildConfigurationList = 829C708D1E49CC0D0012D976 /* Build configuration list for PBXNativeTarget "PhotoEditingExt" */;
			buildPhases = (
				829C70771E49CC0D0012D976 /* Sources */,
				829C70781E49CC0D0012D976 /* Frameworks */,
				829C70791E49CC0D0012D976 /* Resources */,
			);
			buildRules = (
			);
			dependencies = (
			);
			name = PhotoEditingExt;
			productName = PhotoEditingExt;
			productReference = 829C707B1E49CC0D0012D976 /* PhotoEditingExt.appex */;
			productType = "com.apple.product-type.app-extension";
		};
/* End PBXNativeTarget section */

/* Begin PBXProject section */
		8281EF1D1E485C1B00D3F4B4 /* Project object */ = {
			isa = PBXProject;
			attributes = {
				LastSwiftUpdateCheck = 0820;
				LastUpgradeCheck = 0820;
				ORGANIZATIONNAME = Quratuain;
				TargetAttributes = {
					8281EF241E485C1B00D3F4B4 = {
						CreatedOnToolsVersion = 8.2.1;
						DevelopmentTeam = D7HQN29Z8Z;
						ProvisioningStyle = Automatic;
					};
					8281EF381E485C1B00D3F4B4 = {
						CreatedOnToolsVersion = 8.2.1;
						DevelopmentTeam = D7HQN29Z8Z;
						ProvisioningStyle = Automatic;
						TestTargetID = 8281EF241E485C1B00D3F4B4;
					};
					8281EF431E485C1B00D3F4B4 = {
						CreatedOnToolsVersion = 8.2.1;
						DevelopmentTeam = D7HQN29Z8Z;
						ProvisioningStyle = Automatic;
						TestTargetID = 8281EF241E485C1B00D3F4B4;
					};
					829C707A1E49CC0D0012D976 = {
						CreatedOnToolsVersion = 8.2.1;
						DevelopmentTeam = D7HQN29Z8Z;
						ProvisioningStyle = Automatic;
					};
				};
			};
			buildConfigurationList = 8281EF201E485C1B00D3F4B4 /* Build configuration list for PBXProject "PerfectClick" */;
			compatibilityVersion = "Xcode 3.2";
			developmentRegion = English;
			hasScannedForEncodings = 0;
			knownRegions = (
				en,
				Base,
			);
			mainGroup = 8281EF1C1E485C1B00D3F4B4;
			productRefGroup = 8281EF261E485C1B00D3F4B4 /* Products */;
			projectDirPath = "";
			projectRoot = "";
			targets = (
				8281EF241E485C1B00D3F4B4 /* PerfectClick */,
				8281EF381E485C1B00D3F4B4 /* PerfectClickTests */,
				8281EF431E485C1B00D3F4B4 /* PerfectClickUITests */,
				829C707A1E49CC0D0012D976 /* PhotoEditingExt */,
			);
		};
/* End PBXProject section */

/* Begin PBXResourcesBuildPhase section */
		8281EF231E485C1B00D3F4B4 /* Resources */ = {
			isa = PBXResourcesBuildPhase;
			buildActionMask = 2147483647;
			files = (
				8281EF331E485C1B00D3F4B4 /* LaunchScreen.storyboard in Resources */,
				8281EF301E485C1B00D3F4B4 /* Assets.xcassets in Resources */,
				8281EF2E1E485C1B00D3F4B4 /* Main.storyboard in Resources */,
			);
			runOnlyForDeploymentPostprocessing = 0;
		};
		8281EF371E485C1B00D3F4B4 /* Resources */ = {
			isa = PBXResourcesBuildPhase;
			buildActionMask = 2147483647;
			files = (
			);
			runOnlyForDeploymentPostprocessing = 0;
		};
		8281EF421E485C1B00D3F4B4 /* Resources */ = {
			isa = PBXResourcesBuildPhase;
			buildActionMask = 2147483647;
			files = (
			);
			runOnlyForDeploymentPostprocessing = 0;
		};
		829C70791E49CC0D0012D976 /* Resources */ = {
			isa = PBXResourcesBuildPhase;
			buildActionMask = 2147483647;
			files = (
				829C70861E49CC0D0012D976 /* MainInterface.storyboard in Resources */,
				829C70901E49D0AE0012D976 /* cover.jpg in Resources */,
			);
			runOnlyForDeploymentPostprocessing = 0;
		};
/* End PBXResourcesBuildPhase section */

/* Begin PBXSourcesBuildPhase section */
		8281EF211E485C1B00D3F4B4 /* Sources */ = {
			isa = PBXSourcesBuildPhase;
			buildActionMask = 2147483647;
			files = (
				8281EF2B1E485C1B00D3F4B4 /* ViewController.swift in Sources */,
				825830F11E498C26007AEB36 /* FilterCell.swift in Sources */,
				8281EF291E485C1B00D3F4B4 /* AppDelegate.swift in Sources */,
			);
			runOnlyForDeploymentPostprocessing = 0;
		};
		8281EF351E485C1B00D3F4B4 /* Sources */ = {
			isa = PBXSourcesBuildPhase;
			buildActionMask = 2147483647;
			files = (
				8281EF3E1E485C1B00D3F4B4 /* PerfectClickTests.swift in Sources */,
			);
			runOnlyForDeploymentPostprocessing = 0;
		};
		8281EF401E485C1B00D3F4B4 /* Sources */ = {
			isa = PBXSourcesBuildPhase;
			buildActionMask = 2147483647;
			files = (
				8281EF491E485C1B00D3F4B4 /* PerfectClickUITests.swift in Sources */,
			);
			runOnlyForDeploymentPostprocessing = 0;
		};
		829C70771E49CC0D0012D976 /* Sources */ = {
			isa = PBXSourcesBuildPhase;
			buildActionMask = 2147483647;
			files = (
				829C70831E49CC0D0012D976 /* PhotoEditingViewController.swift in Sources */,
				829C70921E49D3160012D976 /* FilterCell.swift in Sources */,
			);
			runOnlyForDeploymentPostprocessing = 0;
		};
/* End PBXSourcesBuildPhase section */

/* Begin PBXTargetDependency section */
		8281EF3B1E485C1B00D3F4B4 /* PBXTargetDependency */ = {
			isa = PBXTargetDependency;
			target = 8281EF241E485C1B00D3F4B4 /* PerfectClick */;
			targetProxy = 8281EF3A1E485C1B00D3F4B4 /* PBXContainerItemProxy */;
		};
		8281EF461E485C1B00D3F4B4 /* PBXTargetDependency */ = {
			isa = PBXTargetDependency;
			target = 8281EF241E485C1B00D3F4B4 /* PerfectClick */;
			targetProxy = 8281EF451E485C1B00D3F4B4 /* PBXContainerItemProxy */;
		};
		829C70891E49CC0D0012D976 /* PBXTargetDependency */ = {
			isa = PBXTargetDependency;
			target = 829C707A1E49CC0D0012D976 /* PhotoEditingExt */;
			targetProxy = 829C70881E49CC0D0012D976 /* PBXContainerItemProxy */;
		};
/* End PBXTargetDependency section */

/* Begin PBXVariantGroup section */
		8281EF2C1E485C1B00D3F4B4 /* Main.storyboard */ = {
			isa = PBXVariantGroup;
			children = (
				8281EF2D1E485C1B00D3F4B4 /* Base */,
			);
			name = Main.storyboard;
			sourceTree = "<group>";
		};
		8281EF311E485C1B00D3F4B4 /* LaunchScreen.storyboard */ = {
			isa = PBXVariantGroup;
			children = (
				8281EF321E485C1B00D3F4B4 /* Base */,
			);
			name = LaunchScreen.storyboard;
			sourceTree = "<group>";
		};
		829C70841E49CC0D0012D976 /* MainInterface.storyboard */ = {
			isa = PBXVariantGroup;
			children = (
				829C70851E49CC0D0012D976 /* Base */,
			);
			name = MainInterface.storyboard;
			sourceTree = "<group>";
		};
/* End PBXVariantGroup section */

/* Begin XCBuildConfiguration section */
		8281EF4B1E485C1B00D3F4B4 /* Debug */ = {
			isa = XCBuildConfiguration;
			buildSettings = {
				ALWAYS_SEARCH_USER_PATHS = NO;
				CLANG_ANALYZER_NONNULL = YES;
				CLANG_CXX_LANGUAGE_STANDARD = "gnu++0x";
				CLANG_CXX_LIBRARY = "libc++";
				CLANG_ENABLE_MODULES = YES;
				CLANG_ENABLE_OBJC_ARC = YES;
				CLANG_WARN_BOOL_CONVERSION = YES;
				CLANG_WARN_CONSTANT_CONVERSION = YES;
				CLANG_WARN_DIRECT_OBJC_ISA_USAGE = YES_ERROR;
				CLANG_WARN_DOCUMENTATION_COMMENTS = YES;
				CLANG_WARN_EMPTY_BODY = YES;
				CLANG_WARN_ENUM_CONVERSION = YES;
				CLANG_WARN_INFINITE_RECURSION = YES;
				CLANG_WARN_INT_CONVERSION = YES;
				CLANG_WARN_OBJC_ROOT_CLASS = YES_ERROR;
				CLANG_WARN_SUSPICIOUS_MOVE = YES;
				CLANG_WARN_UNREACHABLE_CODE = YES;
				CLANG_WARN__DUPLICATE_METHOD_MATCH = YES;
				"CODE_SIGN_IDENTITY[sdk=iphoneos*]" = "iPhone Developer";
				COPY_PHASE_STRIP = NO;
				DEBUG_INFORMATION_FORMAT = dwarf;
				ENABLE_STRICT_OBJC_MSGSEND = YES;
				ENABLE_TESTABILITY = YES;
				GCC_C_LANGUAGE_STANDARD = gnu99;
				GCC_DYNAMIC_NO_PIC = NO;
				GCC_NO_COMMON_BLOCKS = YES;
				GCC_OPTIMIZATION_LEVEL = 0;
				GCC_PREPROCESSOR_DEFINITIONS = (
					"DEBUG=1",
					"$(inherited)",
				);
				GCC_WARN_64_TO_32_BIT_CONVERSION = YES;
				GCC_WARN_ABOUT_RETURN_TYPE = YES_ERROR;
				GCC_WARN_UNDECLARED_SELECTOR = YES;
				GCC_WARN_UNINITIALIZED_AUTOS = YES_AGGRESSIVE;
				GCC_WARN_UNUSED_FUNCTION = YES;
				GCC_WARN_UNUSED_VARIABLE = YES;
				IPHONEOS_DEPLOYMENT_TARGET = 10.2;
				MTL_ENABLE_DEBUG_INFO = YES;
				ONLY_ACTIVE_ARCH = YES;
				SDKROOT = iphoneos;
				SWIFT_ACTIVE_COMPILATION_CONDITIONS = DEBUG;
				SWIFT_OPTIMIZATION_LEVEL = "-Onone";
				TARGETED_DEVICE_FAMILY = "1,2";
			};
			name = Debug;
		};
		8281EF4C1E485C1B00D3F4B4 /* Release */ = {
			isa = XCBuildConfiguration;
			buildSettings = {
				ALWAYS_SEARCH_USER_PATHS = NO;
				CLANG_ANALYZER_NONNULL = YES;
				CLANG_CXX_LANGUAGE_STANDARD = "gnu++0x";
				CLANG_CXX_LIBRARY = "libc++";
				CLANG_ENABLE_MODULES = YES;
				CLANG_ENABLE_OBJC_ARC = YES;
				CLANG_WARN_BOOL_CONVERSION = YES;
				CLANG_WARN_CONSTANT_CONVERSION = YES;
				CLANG_WARN_DIRECT_OBJC_ISA_USAGE = YES_ERROR;
				CLANG_WARN_DOCUMENTATION_COMMENTS = YES;
				CLANG_WARN_EMPTY_BODY = YES;
				CLANG_WARN_ENUM_CONVERSION = YES;
				CLANG_WARN_INFINITE_RECURSION = YES;
				CLANG_WARN_INT_CONVERSION = YES;
				CLANG_WARN_OBJC_ROOT_CLASS = YES_ERROR;
				CLANG_WARN_SUSPICIOUS_MOVE = YES;
				CLANG_WARN_UNREACHABLE_CODE = YES;
				CLANG_WARN__DUPLICATE_METHOD_MATCH = YES;
				"CODE_SIGN_IDENTITY[sdk=iphoneos*]" = "iPhone Developer";
				COPY_PHASE_STRIP = NO;
				DEBUG_INFORMATION_FORMAT = "dwarf-with-dsym";
				ENABLE_NS_ASSERTIONS = NO;
				ENABLE_STRICT_OBJC_MSGSEND = YES;
				GCC_C_LANGUAGE_STANDARD = gnu99;
				GCC_NO_COMMON_BLOCKS = YES;
				GCC_WARN_64_TO_32_BIT_CONVERSION = YES;
				GCC_WARN_ABOUT_RETURN_TYPE = YES_ERROR;
				GCC_WARN_UNDECLARED_SELECTOR = YES;
				GCC_WARN_UNINITIALIZED_AUTOS = YES_AGGRESSIVE;
				GCC_WARN_UNUSED_FUNCTION = YES;
				GCC_WARN_UNUSED_VARIABLE = YES;
				IPHONEOS_DEPLOYMENT_TARGET = 10.2;
				MTL_ENABLE_DEBUG_INFO = NO;
				SDKROOT = iphoneos;
				SWIFT_OPTIMIZATION_LEVEL = "-Owholemodule";
				TARGETED_DEVICE_FAMILY = "1,2";
				VALIDATE_PRODUCT = YES;
			};
			name = Release;
		};
		8281EF4E1E485C1B00D3F4B4 /* Debug */ = {
			isa = XCBuildConfiguration;
			buildSettings = {
				ALWAYS_EMBED_SWIFT_STANDARD_LIBRARIES = YES;
				ASSETCATALOG_COMPILER_APPICON_NAME = AppIcon;
				DEVELOPMENT_TEAM = D7HQN29Z8Z;
				INFOPLIST_FILE = PerfectClick/Info.plist;
				LD_RUNPATH_SEARCH_PATHS = "$(inherited) @executable_path/Frameworks";
				PRODUCT_BUNDLE_IDENTIFIER = com.oracular.PerfectClick;
				PRODUCT_NAME = "$(TARGET_NAME)";
				SWIFT_VERSION = 3.0;
			};
			name = Debug;
		};
		8281EF4F1E485C1B00D3F4B4 /* Release */ = {
			isa = XCBuildConfiguration;
			buildSettings = {
				ALWAYS_EMBED_SWIFT_STANDARD_LIBRARIES = YES;
				ASSETCATALOG_COMPILER_APPICON_NAME = AppIcon;
				DEVELOPMENT_TEAM = D7HQN29Z8Z;
				INFOPLIST_FILE = PerfectClick/Info.plist;
				LD_RUNPATH_SEARCH_PATHS = "$(inherited) @executable_path/Frameworks";
				PRODUCT_BUNDLE_IDENTIFIER = com.oracular.PerfectClick;
				PRODUCT_NAME = "$(TARGET_NAME)";
				SWIFT_VERSION = 3.0;
			};
			name = Release;
		};
		8281EF511E485C1B00D3F4B4 /* Debug */ = {
			isa = XCBuildConfiguration;
			buildSettings = {
				ALWAYS_EMBED_SWIFT_STANDARD_LIBRARIES = YES;
				BUNDLE_LOADER = "$(TEST_HOST)";
				DEVELOPMENT_TEAM = D7HQN29Z8Z;
				INFOPLIST_FILE = PerfectClickTests/Info.plist;
				LD_RUNPATH_SEARCH_PATHS = "$(inherited) @executable_path/Frameworks @loader_path/Frameworks";
				PRODUCT_BUNDLE_IDENTIFIER = com.oracular.PerfectClickTests;
				PRODUCT_NAME = "$(TARGET_NAME)";
				SWIFT_VERSION = 3.0;
				TEST_HOST = "$(BUILT_PRODUCTS_DIR)/PerfectClick.app/PerfectClick";
			};
			name = Debug;
		};
		8281EF521E485C1B00D3F4B4 /* Release */ = {
			isa = XCBuildConfiguration;
			buildSettings = {
				ALWAYS_EMBED_SWIFT_STANDARD_LIBRARIES = YES;
				BUNDLE_LOADER = "$(TEST_HOST)";
				DEVELOPMENT_TEAM = D7HQN29Z8Z;
				INFOPLIST_FILE = PerfectClickTests/Info.plist;
				LD_RUNPATH_SEARCH_PATHS = "$(inherited) @executable_path/Frameworks @loader_path/Frameworks";
				PRODUCT_BUNDLE_IDENTIFIER = com.oracular.PerfectClickTests;
				PRODUCT_NAME = "$(TARGET_NAME)";
				SWIFT_VERSION = 3.0;
				TEST_HOST = "$(BUILT_PRODUCTS_DIR)/PerfectClick.app/PerfectClick";
			};
			name = Release;
		};
		8281EF541E485C1B00D3F4B4 /* Debug */ = {
			isa = XCBuildConfiguration;
			buildSettings = {
				ALWAYS_EMBED_SWIFT_STANDARD_LIBRARIES = YES;
				DEVELOPMENT_TEAM = D7HQN29Z8Z;
				INFOPLIST_FILE = PerfectClickUITests/Info.plist;
				LD_RUNPATH_SEARCH_PATHS = "$(inherited) @executable_path/Frameworks @loader_path/Frameworks";
				PRODUCT_BUNDLE_IDENTIFIER = com.oracular.PerfectClickUITests;
				PRODUCT_NAME = "$(TARGET_NAME)";
				SWIFT_VERSION = 3.0;
				TEST_TARGET_NAME = PerfectClick;
			};
			name = Debug;
		};
		8281EF551E485C1B00D3F4B4 /* Release */ = {
			isa = XCBuildConfiguration;
			buildSettings = {
				ALWAYS_EMBED_SWIFT_STANDARD_LIBRARIES = YES;
				DEVELOPMENT_TEAM = D7HQN29Z8Z;
				INFOPLIST_FILE = PerfectClickUITests/Info.plist;
				LD_RUNPATH_SEARCH_PATHS = "$(inherited) @executable_path/Frameworks @loader_path/Frameworks";
				PRODUCT_BUNDLE_IDENTIFIER = com.oracular.PerfectClickUITests;
				PRODUCT_NAME = "$(TARGET_NAME)";
				SWIFT_VERSION = 3.0;
				TEST_TARGET_NAME = PerfectClick;
			};
			name = Release;
		};
		829C708B1E49CC0D0012D976 /* Debug */ = {
			isa = XCBuildConfiguration;
			buildSettings = {
				DEVELOPMENT_TEAM = D7HQN29Z8Z;
				INFOPLIST_FILE = PhotoEditingExt/Info.plist;
				LD_RUNPATH_SEARCH_PATHS = "$(inherited) @executable_path/Frameworks @executable_path/../../Frameworks";
				PRODUCT_BUNDLE_IDENTIFIER = com.oracular.PerfectClick.PhotoEditingExt;
				PRODUCT_NAME = "$(TARGET_NAME)";
				SKIP_INSTALL = YES;
				SWIFT_VERSION = 3.0;
			};
			name = Debug;
		};
		829C708C1E49CC0D0012D976 /* Release */ = {
			isa = XCBuildConfiguration;
			buildSettings = {
				DEVELOPMENT_TEAM = D7HQN29Z8Z;
				INFOPLIST_FILE = PhotoEditingExt/Info.plist;
				LD_RUNPATH_SEARCH_PATHS = "$(inherited) @executable_path/Frameworks @executable_path/../../Frameworks";
				PRODUCT_BUNDLE_IDENTIFIER = com.oracular.PerfectClick.PhotoEditingExt;
				PRODUCT_NAME = "$(TARGET_NAME)";
				SKIP_INSTALL = YES;
				SWIFT_VERSION = 3.0;
			};
			name = Release;
		};
/* End XCBuildConfiguration section */

/* Begin XCConfigurationList section */
		8281EF201E485C1B00D3F4B4 /* Build configuration list for PBXProject "PerfectClick" */ = {
			isa = XCConfigurationList;
			buildConfigurations = (
				8281EF4B1E485C1B00D3F4B4 /* Debug */,
				8281EF4C1E485C1B00D3F4B4 /* Release */,
			);
			defaultConfigurationIsVisible = 0;
			defaultConfigurationName = Release;
		};
		8281EF4D1E485C1B00D3F4B4 /* Build configuration list for PBXNativeTarget "PerfectClick" */ = {
			isa = XCConfigurationList;
			buildConfigurations = (
				8281EF4E1E485C1B00D3F4B4 /* Debug */,
				8281EF4F1E485C1B00D3F4B4 /* Release */,
			);
			defaultConfigurationIsVisible = 0;
			defaultConfigurationName = Release;
		};
		8281EF501E485C1B00D3F4B4 /* Build configuration list for PBXNativeTarget "PerfectClickTests" */ = {
			isa = XCConfigurationList;
			buildConfigurations = (
				8281EF511E485C1B00D3F4B4 /* Debug */,
				8281EF521E485C1B00D3F4B4 /* Release */,
			);
			defaultConfigurationIsVisible = 0;
			defaultConfigurationName = Release;
		};
		8281EF531E485C1B00D3F4B4 /* Build configuration list for PBXNativeTarget "PerfectClickUITests" */ = {
			isa = XCConfigurationList;
			buildConfigurations = (
				8281EF541E485C1B00D3F4B4 /* Debug */,
				8281EF551E485C1B00D3F4B4 /* Release */,
			);
			defaultConfigurationIsVisible = 0;
			defaultConfigurationName = Release;
		};
		829C708D1E49CC0D0012D976 /* Build configuration list for PBXNativeTarget "PhotoEditingExt" */ = {
			isa = XCConfigurationList;
			buildConfigurations = (
				829C708B1E49CC0D0012D976 /* Debug */,
				829C708C1E49CC0D0012D976 /* Release */,
			);
			defaultConfigurationIsVisible = 0;
		};
/* End XCConfigurationList section */
	};
	rootObject = 8281EF1D1E485C1B00D3F4B4 /* Project object */;
}
